// !$*UTF8*$!
{
	archiveVersion = 1;
	classes = {
	};
	objectVersion = 55;
	objects = {

/* Begin PBXBuildFile section */
		AD032A692851DAD0000CCAF4 /* ImagePicker.swift in Sources */ = {isa = PBXBuildFile; fileRef = AD032A682851DAD0000CCAF4 /* ImagePicker.swift */; };
		AD121816284E5F5B0006F52C /* GoogleService-Info.plist in Resources */ = {isa = PBXBuildFile; fileRef = AD121815284E5F5B0006F52C /* GoogleService-Info.plist */; };
		AD61955A28618877002910F3 /* FirebaseConstants.swift in Sources */ = {isa = PBXBuildFile; fileRef = AD61955928618877002910F3 /* FirebaseConstants.swift */; };
		AD78745128570E9D006E22EB /* SDWebImageSwiftUI in Frameworks */ = {isa = PBXBuildFile; productRef = AD78745028570E9D006E22EB /* SDWebImageSwiftUI */; };
		AD945BC1285C26890092A31F /* CreateNewMessageView.swift in Sources */ = {isa = PBXBuildFile; fileRef = AD945BC0285C26890092A31F /* CreateNewMessageView.swift */; };
		AD98A6A82853667C009F2844 /* MainMessagesView.swift in Sources */ = {isa = PBXBuildFile; fileRef = AD98A6A72853667C009F2844 /* MainMessagesView.swift */; };
		ADC39499285B517000FC0510 /* ChatUser.swift in Sources */ = {isa = PBXBuildFile; fileRef = ADC39498285B517000FC0510 /* ChatUser.swift */; };
		ADD82B44285E1A2500A3E22F /* ChatLogView.swift in Sources */ = {isa = PBXBuildFile; fileRef = ADD82B43285E1A2500A3E22F /* ChatLogView.swift */; };
		ADF3BA34284BCC2E001E185D /* FirebaseChatTutorialApp.swift in Sources */ = {isa = PBXBuildFile; fileRef = ADF3BA33284BCC2E001E185D /* FirebaseChatTutorialApp.swift */; };
		ADF3BA36284BCC2E001E185D /* LoginView.swift in Sources */ = {isa = PBXBuildFile; fileRef = ADF3BA35284BCC2E001E185D /* LoginView.swift */; };
		ADF3BA38284BCC2F001E185D /* Assets.xcassets in Resources */ = {isa = PBXBuildFile; fileRef = ADF3BA37284BCC2F001E185D /* Assets.xcassets */; };
		ADF3BA3B284BCC2F001E185D /* Preview Assets.xcassets in Resources */ = {isa = PBXBuildFile; fileRef = ADF3BA3A284BCC2F001E185D /* Preview Assets.xcassets */; };
		ADF6B6D9285636E3006657FD /* FirebaseManager.swift in Sources */ = {isa = PBXBuildFile; fileRef = ADF6B6D8285636E3006657FD /* FirebaseManager.swift */; };
		ADF7FC792860D18500D3CCA4 /* RecentMessage.swift in Sources */ = {isa = PBXBuildFile; fileRef = ADF7FC782860D18500D3CCA4 /* RecentMessage.swift */; };
		ADF7FC7C2860DEE900D3CCA4 /* FirebaseAuth in Frameworks */ = {isa = PBXBuildFile; productRef = ADF7FC7B2860DEE900D3CCA4 /* FirebaseAuth */; };
		ADF7FC7E2860DEE900D3CCA4 /* FirebaseFirestore in Frameworks */ = {isa = PBXBuildFile; productRef = ADF7FC7D2860DEE900D3CCA4 /* FirebaseFirestore */; };
		ADF7FC802860DEE900D3CCA4 /* FirebaseFirestoreSwift in Frameworks */ = {isa = PBXBuildFile; productRef = ADF7FC7F2860DEE900D3CCA4 /* FirebaseFirestoreSwift */; };
		ADF7FC822860DEE900D3CCA4 /* FirebaseStorage in Frameworks */ = {isa = PBXBuildFile; productRef = ADF7FC812860DEE900D3CCA4 /* FirebaseStorage */; };
		ADF7FC842860E2C600D3CCA4 /* ChatMessage.swift in Sources */ = {isa = PBXBuildFile; fileRef = ADF7FC832860E2C600D3CCA4 /* ChatMessage.swift */; };
/* End PBXBuildFile section */

/* Begin PBXFileReference section */
		AD032A682851DAD0000CCAF4 /* ImagePicker.swift */ = {isa = PBXFileReference; lastKnownFileType = sourcecode.swift; path = ImagePicker.swift; sourceTree = "<group>"; };
		AD121815284E5F5B0006F52C /* GoogleService-Info.plist */ = {isa = PBXFileReference; fileEncoding = 4; lastKnownFileType = text.plist.xml; path = "GoogleService-Info.plist"; sourceTree = "<group>"; };
		AD61955928618877002910F3 /* FirebaseConstants.swift */ = {isa = PBXFileReference; lastKnownFileType = sourcecode.swift; path = FirebaseConstants.swift; sourceTree = "<group>"; };
		AD945BC0285C26890092A31F /* CreateNewMessageView.swift */ = {isa = PBXFileReference; lastKnownFileType = sourcecode.swift; path = CreateNewMessageView.swift; sourceTree = "<group>"; };
		AD98A6A72853667C009F2844 /* MainMessagesView.swift */ = {isa = PBXFileReference; lastKnownFileType = sourcecode.swift; path = MainMessagesView.swift; sourceTree = "<group>"; };
		ADC39498285B517000FC0510 /* ChatUser.swift */ = {isa = PBXFileReference; lastKnownFileType = sourcecode.swift; path = ChatUser.swift; sourceTree = "<group>"; };
		ADD82B43285E1A2500A3E22F /* ChatLogView.swift */ = {isa = PBXFileReference; lastKnownFileType = sourcecode.swift; path = ChatLogView.swift; sourceTree = "<group>"; };
		ADF3BA30284BCC2E001E185D /* FirebaseChatTutorial.app */ = {isa = PBXFileReference; explicitFileType = wrapper.application; includeInIndex = 0; path = FirebaseChatTutorial.app; sourceTree = BUILT_PRODUCTS_DIR; };
		ADF3BA33284BCC2E001E185D /* FirebaseChatTutorialApp.swift */ = {isa = PBXFileReference; lastKnownFileType = sourcecode.swift; path = FirebaseChatTutorialApp.swift; sourceTree = "<group>"; };
		ADF3BA35284BCC2E001E185D /* LoginView.swift */ = {isa = PBXFileReference; lastKnownFileType = sourcecode.swift; path = LoginView.swift; sourceTree = "<group>"; };
		ADF3BA37284BCC2F001E185D /* Assets.xcassets */ = {isa = PBXFileReference; lastKnownFileType = folder.assetcatalog; path = Assets.xcassets; sourceTree = "<group>"; };
		ADF3BA3A284BCC2F001E185D /* Preview Assets.xcassets */ = {isa = PBXFileReference; lastKnownFileType = folder.assetcatalog; path = "Preview Assets.xcassets"; sourceTree = "<group>"; };
		ADF6B6D8285636E3006657FD /* FirebaseManager.swift */ = {isa = PBXFileReference; lastKnownFileType = sourcecode.swift; path = FirebaseManager.swift; sourceTree = "<group>"; };
		ADF7FC782860D18500D3CCA4 /* RecentMessage.swift */ = {isa = PBXFileReference; lastKnownFileType = sourcecode.swift; path = RecentMessage.swift; sourceTree = "<group>"; };
		ADF7FC832860E2C600D3CCA4 /* ChatMessage.swift */ = {isa = PBXFileReference; lastKnownFileType = sourcecode.swift; path = ChatMessage.swift; sourceTree = "<group>"; };
/* End PBXFileReference section */

/* Begin PBXFrameworksBuildPhase section */
		ADF3BA2D284BCC2E001E185D /* Frameworks */ = {
			isa = PBXFrameworksBuildPhase;
			buildActionMask = 2147483647;
			files = (
				AD78745128570E9D006E22EB /* SDWebImageSwiftUI in Frameworks */,
				ADF7FC7C2860DEE900D3CCA4 /* FirebaseAuth in Frameworks */,
				ADF7FC7E2860DEE900D3CCA4 /* FirebaseFirestore in Frameworks */,
				ADF7FC822860DEE900D3CCA4 /* FirebaseStorage in Frameworks */,
				ADF7FC802860DEE900D3CCA4 /* FirebaseFirestoreSwift in Frameworks */,
			);
			runOnlyForDeploymentPostprocessing = 0;
		};
/* End PBXFrameworksBuildPhase section */

/* Begin PBXGroup section */
		AD945BBF285C26730092A31F /* NewMessage */ = {
			isa = PBXGroup;
			children = (
				AD945BC0285C26890092A31F /* CreateNewMessageView.swift */,
			);
			path = NewMessage;
			sourceTree = "<group>";
		};
		AD98A6A628536668009F2844 /* MainMessages */ = {
			isa = PBXGroup;
			children = (
				ADD82B42285E1A1C00A3E22F /* Chat */,
				AD945BBF285C26730092A31F /* NewMessage */,
				AD98A6A72853667C009F2844 /* MainMessagesView.swift */,
			);
			path = MainMessages;
			sourceTree = "<group>";
		};
		ADC39497285B514600FC0510 /* Model */ = {
			isa = PBXGroup;
			children = (
				ADC39498285B517000FC0510 /* ChatUser.swift */,
				ADF7FC782860D18500D3CCA4 /* RecentMessage.swift */,
				ADF7FC832860E2C600D3CCA4 /* ChatMessage.swift */,
			);
			path = Model;
			sourceTree = "<group>";
		};
		ADD82B42285E1A1C00A3E22F /* Chat */ = {
			isa = PBXGroup;
			children = (
				ADD82B43285E1A2500A3E22F /* ChatLogView.swift */,
			);
			path = Chat;
			sourceTree = "<group>";
		};
		ADF3BA27284BCC2E001E185D = {
			isa = PBXGroup;
			children = (
				ADF3BA32284BCC2E001E185D /* FirebaseChatTutorial */,
				ADF3BA31284BCC2E001E185D /* Products */,
			);
			sourceTree = "<group>";
		};
		ADF3BA31284BCC2E001E185D /* Products */ = {
			isa = PBXGroup;
			children = (
				ADF3BA30284BCC2E001E185D /* FirebaseChatTutorial.app */,
			);
			name = Products;
			sourceTree = "<group>";
		};
		ADF3BA32284BCC2E001E185D /* FirebaseChatTutorial */ = {
			isa = PBXGroup;
			children = (
				ADC39497285B514600FC0510 /* Model */,
				ADF6B6D7285636CB006657FD /* Utils */,
				AD98A6A628536668009F2844 /* MainMessages */,
				ADF3BA33284BCC2E001E185D /* FirebaseChatTutorialApp.swift */,
				ADF3BA35284BCC2E001E185D /* LoginView.swift */,
				AD032A682851DAD0000CCAF4 /* ImagePicker.swift */,
				AD121815284E5F5B0006F52C /* GoogleService-Info.plist */,
				ADF3BA37284BCC2F001E185D /* Assets.xcassets */,
				ADF3BA39284BCC2F001E185D /* Preview Content */,
			);
			path = FirebaseChatTutorial;
			sourceTree = "<group>";
		};
		ADF3BA39284BCC2F001E185D /* Preview Content */ = {
			isa = PBXGroup;
			children = (
				ADF3BA3A284BCC2F001E185D /* Preview Assets.xcassets */,
			);
			path = "Preview Content";
			sourceTree = "<group>";
		};
		ADF6B6D7285636CB006657FD /* Utils */ = {
			isa = PBXGroup;
			children = (
				ADF6B6D8285636E3006657FD /* FirebaseManager.swift */,
				AD61955928618877002910F3 /* FirebaseConstants.swift */,
			);
			path = Utils;
			sourceTree = "<group>";
		};
/* End PBXGroup section */

/* Begin PBXNativeTarget section */
		ADF3BA2F284BCC2E001E185D /* FirebaseChatTutorial */ = {
			isa = PBXNativeTarget;
			buildConfigurationList = ADF3BA3E284BCC2F001E185D /* Build configuration list for PBXNativeTarget "FirebaseChatTutorial" */;
			buildPhases = (
				ADF3BA2C284BCC2E001E185D /* Sources */,
				ADF3BA2D284BCC2E001E185D /* Frameworks */,
				ADF3BA2E284BCC2E001E185D /* Resources */,
			);
			buildRules = (
			);
			dependencies = (
			);
			name = FirebaseChatTutorial;
			packageProductDependencies = (
				AD78745028570E9D006E22EB /* SDWebImageSwiftUI */,
				ADF7FC7B2860DEE900D3CCA4 /* FirebaseAuth */,
				ADF7FC7D2860DEE900D3CCA4 /* FirebaseFirestore */,
				ADF7FC7F2860DEE900D3CCA4 /* FirebaseFirestoreSwift */,
				ADF7FC812860DEE900D3CCA4 /* FirebaseStorage */,
			);
			productName = FirebaseChatTutorial;
			productReference = ADF3BA30284BCC2E001E185D /* FirebaseChatTutorial.app */;
			productType = "com.apple.product-type.application";
		};
/* End PBXNativeTarget section */

/* Begin PBXProject section */
		ADF3BA28284BCC2E001E185D /* Project object */ = {
			isa = PBXProject;
			attributes = {
				BuildIndependentTargetsInParallel = 1;
				LastSwiftUpdateCheck = 1330;
				LastUpgradeCheck = 1330;
				TargetAttributes = {
					ADF3BA2F284BCC2E001E185D = {
						CreatedOnToolsVersion = 13.3.1;
					};
				};
			};
			buildConfigurationList = ADF3BA2B284BCC2E001E185D /* Build configuration list for PBXProject "FirebaseChatTutorial" */;
			compatibilityVersion = "Xcode 13.0";
			developmentRegion = en;
			hasScannedForEncodings = 0;
			knownRegions = (
				en,
				Base,
			);
			mainGroup = ADF3BA27284BCC2E001E185D;
			packageReferences = (
				AD78744F28570E9D006E22EB /* XCRemoteSwiftPackageReference "SDWebImageSwiftUI" */,
				ADF7FC7A2860DEE900D3CCA4 /* XCRemoteSwiftPackageReference "firebase-ios-sdk" */,
			);
			productRefGroup = ADF3BA31284BCC2E001E185D /* Products */;
			projectDirPath = "";
			projectRoot = "";
			targets = (
				ADF3BA2F284BCC2E001E185D /* FirebaseChatTutorial */,
			);
		};
/* End PBXProject section */

/* Begin PBXResourcesBuildPhase section */
		ADF3BA2E284BCC2E001E185D /* Resources */ = {
			isa = PBXResourcesBuildPhase;
			buildActionMask = 2147483647;
			files = (
				ADF3BA3B284BCC2F001E185D /* Preview Assets.xcassets in Resources */,
				ADF3BA38284BCC2F001E185D /* Assets.xcassets in Resources */,
				AD121816284E5F5B0006F52C /* GoogleService-Info.plist in Resources */,
			);
			runOnlyForDeploymentPostprocessing = 0;
		};
/* End PBXResourcesBuildPhase section */

/* Begin PBXSourcesBuildPhase section */
		ADF3BA2C284BCC2E001E185D /* Sources */ = {
			isa = PBXSourcesBuildPhase;
			buildActionMask = 2147483647;
			files = (
				ADC39499285B517000FC0510 /* ChatUser.swift in Sources */,
				ADD82B44285E1A2500A3E22F /* ChatLogView.swift in Sources */,
				ADF7FC792860D18500D3CCA4 /* RecentMessage.swift in Sources */,
				ADF7FC842860E2C600D3CCA4 /* ChatMessage.swift in Sources */,
				AD032A692851DAD0000CCAF4 /* ImagePicker.swift in Sources */,
				ADF3BA36284BCC2E001E185D /* LoginView.swift in Sources */,
				ADF6B6D9285636E3006657FD /* FirebaseManager.swift in Sources */,
				AD945BC1285C26890092A31F /* CreateNewMessageView.swift in Sources */,
				AD98A6A82853667C009F2844 /* MainMessagesView.swift in Sources */,
				AD61955A28618877002910F3 /* FirebaseConstants.swift in Sources */,
				ADF3BA34284BCC2E001E185D /* FirebaseChatTutorialApp.swift in Sources */,
			);
			runOnlyForDeploymentPostprocessing = 0;
		};
/* End PBXSourcesBuildPhase section */

/* Begin XCBuildConfiguration section */
		ADF3BA3C284BCC2F001E185D /* Debug */ = {
			isa = XCBuildConfiguration;
			buildSettings = {
				ALWAYS_SEARCH_USER_PATHS = NO;
				CLANG_ANALYZER_NONNULL = YES;
				CLANG_ANALYZER_NUMBER_OBJECT_CONVERSION = YES_AGGRESSIVE;
				CLANG_CXX_LANGUAGE_STANDARD = "gnu++17";
				CLANG_ENABLE_MODULES = YES;
				CLANG_ENABLE_OBJC_ARC = YES;
				CLANG_ENABLE_OBJC_WEAK = YES;
				CLANG_WARN_BLOCK_CAPTURE_AUTORELEASING = YES;
				CLANG_WARN_BOOL_CONVERSION = YES;
				CLANG_WARN_COMMA = YES;
				CLANG_WARN_CONSTANT_CONVERSION = YES;
				CLANG_WARN_DEPRECATED_OBJC_IMPLEMENTATIONS = YES;
				CLANG_WARN_DIRECT_OBJC_ISA_USAGE = YES_ERROR;
				CLANG_WARN_DOCUMENTATION_COMMENTS = YES;
				CLANG_WARN_EMPTY_BODY = YES;
				CLANG_WARN_ENUM_CONVERSION = YES;
				CLANG_WARN_INFINITE_RECURSION = YES;
				CLANG_WARN_INT_CONVERSION = YES;
				CLANG_WARN_NON_LITERAL_NULL_CONVERSION = YES;
				CLANG_WARN_OBJC_IMPLICIT_RETAIN_SELF = YES;
				CLANG_WARN_OBJC_LITERAL_CONVERSION = YES;
				CLANG_WARN_OBJC_ROOT_CLASS = YES_ERROR;
				CLANG_WARN_QUOTED_INCLUDE_IN_FRAMEWORK_HEADER = YES;
				CLANG_WARN_RANGE_LOOP_ANALYSIS = YES;
				CLANG_WARN_STRICT_PROTOTYPES = YES;
				CLANG_WARN_SUSPICIOUS_MOVE = YES;
				CLANG_WARN_UNGUARDED_AVAILABILITY = YES_AGGRESSIVE;
				CLANG_WARN_UNREACHABLE_CODE = YES;
				CLANG_WARN__DUPLICATE_METHOD_MATCH = YES;
				COPY_PHASE_STRIP = NO;
				DEBUG_INFORMATION_FORMAT = dwarf;
				ENABLE_STRICT_OBJC_MSGSEND = YES;
				ENABLE_TESTABILITY = YES;
				GCC_C_LANGUAGE_STANDARD = gnu11;
				GCC_DYNAMIC_NO_PIC = NO;
				GCC_NO_COMMON_BLOCKS = YES;
				GCC_OPTIMIZATION_LEVEL = 0;
				GCC_PREPROCESSOR_DEFINITIONS = (
					"DEBUG=1",
					"$(inherited)",
				);
				GCC_WARN_64_TO_32_BIT_CONVERSION = YES;
				GCC_WARN_ABOUT_RETURN_TYPE = YES_ERROR;
				GCC_WARN_UNDECLARED_SELECTOR = YES;
				GCC_WARN_UNINITIALIZED_AUTOS = YES_AGGRESSIVE;
				GCC_WARN_UNUSED_FUNCTION = YES;
				GCC_WARN_UNUSED_VARIABLE = YES;
				IPHONEOS_DEPLOYMENT_TARGET = 15.4;
				MTL_ENABLE_DEBUG_INFO = INCLUDE_SOURCE;
				MTL_FAST_MATH = YES;
				ONLY_ACTIVE_ARCH = YES;
				SDKROOT = iphoneos;
				SWIFT_ACTIVE_COMPILATION_CONDITIONS = DEBUG;
				SWIFT_OPTIMIZATION_LEVEL = "-Onone";
			};
			name = Debug;
		};
		ADF3BA3D284BCC2F001E185D /* Release */ = {
			isa = XCBuildConfiguration;
			buildSettings = {
				ALWAYS_SEARCH_USER_PATHS = NO;
				CLANG_ANALYZER_NONNULL = YES;
				CLANG_ANALYZER_NUMBER_OBJECT_CONVERSION = YES_AGGRESSIVE;
				CLANG_CXX_LANGUAGE_STANDARD = "gnu++17";
				CLANG_ENABLE_MODULES = YES;
				CLANG_ENABLE_OBJC_ARC = YES;
				CLANG_ENABLE_OBJC_WEAK = YES;
				CLANG_WARN_BLOCK_CAPTURE_AUTORELEASING = YES;
				CLANG_WARN_BOOL_CONVERSION = YES;
				CLANG_WARN_COMMA = YES;
				CLANG_WARN_CONSTANT_CONVERSION = YES;
				CLANG_WARN_DEPRECATED_OBJC_IMPLEMENTATIONS = YES;
				CLANG_WARN_DIRECT_OBJC_ISA_USAGE = YES_ERROR;
				CLANG_WARN_DOCUMENTATION_COMMENTS = YES;
				CLANG_WARN_EMPTY_BODY = YES;
				CLANG_WARN_ENUM_CONVERSION = YES;
				CLANG_WARN_INFINITE_RECURSION = YES;
				CLANG_WARN_INT_CONVERSION = YES;
				CLANG_WARN_NON_LITERAL_NULL_CONVERSION = YES;
				CLANG_WARN_OBJC_IMPLICIT_RETAIN_SELF = YES;
				CLANG_WARN_OBJC_LITERAL_CONVERSION = YES;
				CLANG_WARN_OBJC_ROOT_CLASS = YES_ERROR;
				CLANG_WARN_QUOTED_INCLUDE_IN_FRAMEWORK_HEADER = YES;
				CLANG_WARN_RANGE_LOOP_ANALYSIS = YES;
				CLANG_WARN_STRICT_PROTOTYPES = YES;
				CLANG_WARN_SUSPICIOUS_MOVE = YES;
				CLANG_WARN_UNGUARDED_AVAILABILITY = YES_AGGRESSIVE;
				CLANG_WARN_UNREACHABLE_CODE = YES;
				CLANG_WARN__DUPLICATE_METHOD_MATCH = YES;
				COPY_PHASE_STRIP = NO;
				DEBUG_INFORMATION_FORMAT = "dwarf-with-dsym";
				ENABLE_NS_ASSERTIONS = NO;
				ENABLE_STRICT_OBJC_MSGSEND = YES;
				GCC_C_LANGUAGE_STANDARD = gnu11;
				GCC_NO_COMMON_BLOCKS = YES;
				GCC_WARN_64_TO_32_BIT_CONVERSION = YES;
				GCC_WARN_ABOUT_RETURN_TYPE = YES_ERROR;
				GCC_WARN_UNDECLARED_SELECTOR = YES;
				GCC_WARN_UNINITIALIZED_AUTOS = YES_AGGRESSIVE;
				GCC_WARN_UNUSED_FUNCTION = YES;
				GCC_WARN_UNUSED_VARIABLE = YES;
				IPHONEOS_DEPLOYMENT_TARGET = 15.4;
				MTL_ENABLE_DEBUG_INFO = NO;
				MTL_FAST_MATH = YES;
				SDKROOT = iphoneos;
				SWIFT_COMPILATION_MODE = wholemodule;
				SWIFT_OPTIMIZATION_LEVEL = "-O";
				VALIDATE_PRODUCT = YES;
			};
			name = Release;
		};
		ADF3BA3F284BCC2F001E185D /* Debug */ = {
			isa = XCBuildConfiguration;
			buildSettings = {
				ASSETCATALOG_COMPILER_APPICON_NAME = AppIcon;
				ASSETCATALOG_COMPILER_GLOBAL_ACCENT_COLOR_NAME = AccentColor;
				CODE_SIGN_STYLE = Automatic;
				CURRENT_PROJECT_VERSION = 1;
				DEVELOPMENT_ASSET_PATHS = "\"FirebaseChatTutorial/Preview Content\"";
				DEVELOPMENT_TEAM = XW758S68BG;
				ENABLE_PREVIEWS = YES;
				GENERATE_INFOPLIST_FILE = YES;
				INFOPLIST_KEY_UIApplicationSceneManifest_Generation = YES;
				INFOPLIST_KEY_UIApplicationSupportsIndirectInputEvents = YES;
				INFOPLIST_KEY_UILaunchScreen_Generation = YES;
				INFOPLIST_KEY_UISupportedInterfaceOrientations_iPad = "UIInterfaceOrientationPortrait UIInterfaceOrientationPortraitUpsideDown UIInterfaceOrientationLandscapeLeft UIInterfaceOrientationLandscapeRight";
				INFOPLIST_KEY_UISupportedInterfaceOrientations_iPhone = "UIInterfaceOrientationPortrait UIInterfaceOrientationLandscapeLeft UIInterfaceOrientationLandscapeRight";
				LD_RUNPATH_SEARCH_PATHS = (
					"$(inherited)",
					"@executable_path/Frameworks",
				);
				MARKETING_VERSION = 1.0;
				PRODUCT_BUNDLE_IDENTIFIER = com.mrxx7.FirebaseChatTutorial;
				PRODUCT_NAME = "$(TARGET_NAME)";
				SWIFT_EMIT_LOC_STRINGS = YES;
				SWIFT_VERSION = 5.0;
				TARGETED_DEVICE_FAMILY = "1,2";
			};
			name = Debug;
		};
		ADF3BA40284BCC2F001E185D /* Release */ = {
			isa = XCBuildConfiguration;
			buildSettings = {
				ASSETCATALOG_COMPILER_APPICON_NAME = AppIcon;
				ASSETCATALOG_COMPILER_GLOBAL_ACCENT_COLOR_NAME = AccentColor;
				CODE_SIGN_STYLE = Automatic;
				CURRENT_PROJECT_VERSION = 1;
				DEVELOPMENT_ASSET_PATHS = "\"FirebaseChatTutorial/Preview Content\"";
				DEVELOPMENT_TEAM = XW758S68BG;
				ENABLE_PREVIEWS = YES;
				GENERATE_INFOPLIST_FILE = YES;
				INFOPLIST_KEY_UIApplicationSceneManifest_Generation = YES;
				INFOPLIST_KEY_UIApplicationSupportsIndirectInputEvents = YES;
				INFOPLIST_KEY_UILaunchScreen_Generation = YES;
				INFOPLIST_KEY_UISupportedInterfaceOrientations_iPad = "UIInterfaceOrientationPortrait UIInterfaceOrientationPortraitUpsideDown UIInterfaceOrientationLandscapeLeft UIInterfaceOrientationLandscapeRight";
				INFOPLIST_KEY_UISupportedInterfaceOrientations_iPhone = "UIInterfaceOrientationPortrait UIInterfaceOrientationLandscapeLeft UIInterfaceOrientationLandscapeRight";
				LD_RUNPATH_SEARCH_PATHS = (
					"$(inherited)",
					"@executable_path/Frameworks",
				);
				MARKETING_VERSION = 1.0;
				PRODUCT_BUNDLE_IDENTIFIER = com.mrxx7.FirebaseChatTutorial;
				PRODUCT_NAME = "$(TARGET_NAME)";
				SWIFT_EMIT_LOC_STRINGS = YES;
				SWIFT_VERSION = 5.0;
				TARGETED_DEVICE_FAMILY = "1,2";
			};
			name = Release;
		};
/* End XCBuildConfiguration section */

/* Begin XCConfigurationList section */
		ADF3BA2B284BCC2E001E185D /* Build configuration list for PBXProject "FirebaseChatTutorial" */ = {
			isa = XCConfigurationList;
			buildConfigurations = (
				ADF3BA3C284BCC2F001E185D /* Debug */,
				ADF3BA3D284BCC2F001E185D /* Release */,
			);
			defaultConfigurationIsVisible = 0;
			defaultConfigurationName = Release;
		};
		ADF3BA3E284BCC2F001E185D /* Build configuration list for PBXNativeTarget "FirebaseChatTutorial" */ = {
			isa = XCConfigurationList;
			buildConfigurations = (
				ADF3BA3F284BCC2F001E185D /* Debug */,
				ADF3BA40284BCC2F001E185D /* Release */,
			);
			defaultConfigurationIsVisible = 0;
			defaultConfigurationName = Release;
		};
/* End XCConfigurationList section */

/* Begin XCRemoteSwiftPackageReference section */
		AD78744F28570E9D006E22EB /* XCRemoteSwiftPackageReference "SDWebImageSwiftUI" */ = {
			isa = XCRemoteSwiftPackageReference;
			repositoryURL = "https://github.com/SDWebImage/SDWebImageSwiftUI.git";
			requirement = {
				kind = upToNextMajorVersion;
				minimumVersion = 2.0.0;
			};
		};
		ADF7FC7A2860DEE900D3CCA4 /* XCRemoteSwiftPackageReference "firebase-ios-sdk" */ = {
			isa = XCRemoteSwiftPackageReference;
			repositoryURL = "https://github.com/firebase/firebase-ios-sdk.git";
			requirement = {
				branch = master;
				kind = branch;
			};
		};
/* End XCRemoteSwiftPackageReference section */

/* Begin XCSwiftPackageProductDependency section */
		AD78745028570E9D006E22EB /* SDWebImageSwiftUI */ = {
			isa = XCSwiftPackageProductDependency;
			package = AD78744F28570E9D006E22EB /* XCRemoteSwiftPackageReference "SDWebImageSwiftUI" */;
			productName = SDWebImageSwiftUI;
		};
		ADF7FC7B2860DEE900D3CCA4 /* FirebaseAuth */ = {
			isa = XCSwiftPackageProductDependency;
			package = ADF7FC7A2860DEE900D3CCA4 /* XCRemoteSwiftPackageReference "firebase-ios-sdk" */;
			productName = FirebaseAuth;
		};
		ADF7FC7D2860DEE900D3CCA4 /* FirebaseFirestore */ = {
			isa = XCSwiftPackageProductDependency;
			package = ADF7FC7A2860DEE900D3CCA4 /* XCRemoteSwiftPackageReference "firebase-ios-sdk" */;
			productName = FirebaseFirestore;
		};
		ADF7FC7F2860DEE900D3CCA4 /* FirebaseFirestoreSwift */ = {
			isa = XCSwiftPackageProductDependency;
			package = ADF7FC7A2860DEE900D3CCA4 /* XCRemoteSwiftPackageReference "firebase-ios-sdk" */;
			productName = FirebaseFirestoreSwift;
		};
		ADF7FC812860DEE900D3CCA4 /* FirebaseStorage */ = {
			isa = XCSwiftPackageProductDependency;
			package = ADF7FC7A2860DEE900D3CCA4 /* XCRemoteSwiftPackageReference "firebase-ios-sdk" */;
			productName = FirebaseStorage;
		};
/* End XCSwiftPackageProductDependency section */
	};
	rootObject = ADF3BA28284BCC2E001E185D /* Project object */;
}
